
Microsoft Visual Studio Solution File, Format Version 12.00
# Visual Studio Version 16
VisualStudioVersion = 16.0.29709.97
MinimumVisualStudioVersion = 10.0.40219.1
Project("{FAE04EC0-301F-11D3-BF4B-00C04F79EFBC}") = "Poker.App", "Poker.App\Poker.App.csproj", "{66EDA37E-E9C4-47FE-BE2A-3EF8EA61B49E}"
EndProject
Project("{FAE04EC0-301F-11D3-BF4B-00C04F79EFBC}") = "Poker.Domain", "Poker.Domain\Poker.Domain.csproj", "{6A2CDE4D-1ABB-4A42-8305-3FC584ABD5C3}"
EndProject
Project("{FAE04EC0-301F-11D3-BF4B-00C04F79EFBC}") = "PokerApp.Tests", "PokerApp.Tests\PokerApp.Tests.csproj", "{3C0F9AD4-CAE0-4D52-B86F-F6CB381F5983}"
EndProject
Global
	GlobalSection(SolutionConfigurationPlatforms) = preSolution
		Debug|Any CPU = Debug|Any CPU
		Release|Any CPU = Release|Any CPU
	EndGlobalSection
	GlobalSection(ProjectConfigurationPlatforms) = postSolution
		{66EDA37E-E9C4-47FE-BE2A-3EF8EA61B49E}.Debug|Any CPU.ActiveCfg = Debug|Any CPU
		{66EDA37E-E9C4-47FE-BE2A-3EF8EA61B49E}.Debug|Any CPU.Build.0 = Debug|Any CPU
		{66EDA37E-E9C4-47FE-BE2A-3EF8EA61B49E}.Release|Any CPU.ActiveCfg = Release|Any CPU
		{66EDA37E-E9C4-47FE-BE2A-3EF8EA61B49E}.Release|Any CPU.Build.0 = Release|Any CPU
		{6A2CDE4D-1ABB-4A42-8305-3FC584ABD5C3}.Debug|Any CPU.ActiveCfg = Debug|Any CPU
		{6A2CDE4D-1ABB-4A42-8305-3FC584ABD5C3}.Debug|Any CPU.Build.0 = Debug|Any CPU
		{6A2CDE4D-1ABB-4A42-8305-3FC584ABD5C3}.Release|Any CPU.ActiveCfg = Release|Any CPU
		{6A2CDE4D-1ABB-4A42-8305-3FC584ABD5C3}.Release|Any CPU.Build.0 = Release|Any CPU
		{3C0F9AD4-CAE0-4D52-B86F-F6CB381F5983}.Debug|Any CPU.ActiveCfg = Debug|Any CPU
		{3C0F9AD4-CAE0-4D52-B86F-F6CB381F5983}.Debug|Any CPU.Build.0 = Debug|Any CPU
		{3C0F9AD4-CAE0-4D52-B86F-F6CB381F5983}.Release|Any CPU.ActiveCfg = Release|Any CPU
		{3C0F9AD4-CAE0-4D52-B86F-F6CB381F5983}.Release|Any CPU.Build.0 = Release|Any CPU
	EndGlobalSection
	GlobalSection(SolutionProperties) = preSolution
		HideSolutionNode = FALSE
	EndGlobalSection
	GlobalSection(ExtensibilityGlobals) = postSolution
		SolutionGuid = {570F9414-74ED-4F21-909A-1075937DFECA}
	EndGlobalSection
EndGlobal
